
Microsoft Visual Studio Solution File, Format Version 12.00
Project("{FAE04EC0-301F-11D3-BF4B-00C04F79EFBC}") = "ScriptRunner.Plugins.GraphTool", "ScriptRunner.Plugins.GraphTool\ScriptRunner.Plugins.GraphTool.csproj", "{DFF709CD-4565-4515-8FA5-16F4783B52AB}"
EndProject
Global
	GlobalSection(SolutionConfigurationPlatforms) = preSolution
		Debug|Any CPU = Debug|Any CPU
		Release|Any CPU = Release|Any CPU
	EndGlobalSection
	GlobalSection(ProjectConfigurationPlatforms) = postSolution
		{DFF709CD-4565-4515-8FA5-16F4783B52AB}.Debug|Any CPU.ActiveCfg = Debug|Any CPU
		{DFF709CD-4565-4515-8FA5-16F4783B52AB}.Debug|Any CPU.Build.0 = Debug|Any CPU
		{DFF709CD-4565-4515-8FA5-16F4783B52AB}.Release|Any CPU.ActiveCfg = Release|Any CPU
		{DFF709CD-4565-4515-8FA5-16F4783B52AB}.Release|Any CPU.Build.0 = Release|Any CPU
	EndGlobalSection
EndGlobal
